#MicroXplorer Configuration settings - do not modify
ADC.ClockPrescaler=ADC_CLOCK_ASYNC_DIV8
ADC.IPParameters=ClockPrescaler
Dma.I2C1_RX.2.Direction=DMA_PERIPH_TO_MEMORY
Dma.I2C1_RX.2.Instance=DMA1_Channel3
Dma.I2C1_RX.2.MemDataAlignment=DMA_MDATAALIGN_BYTE
Dma.I2C1_RX.2.MemInc=DMA_MINC_DISABLE
Dma.I2C1_RX.2.Mode=DMA_NORMAL
Dma.I2C1_RX.2.PeriphDataAlignment=DMA_PDATAALIGN_BYTE
Dma.I2C1_RX.2.PeriphInc=DMA_PINC_DISABLE
Dma.I2C1_RX.2.Priority=DMA_PRIORITY_LOW
Dma.I2C1_RX.2.Request=DMA_REQUEST_6
Dma.I2C1_RX.2.RequestParameters=Instance,Request,Direction,PeriphInc,MemInc,PeriphDataAlignment,MemDataAlignment,Mode,Priority
Dma.I2C1_TX.3.Direction=DMA_MEMORY_TO_PERIPH
Dma.I2C1_TX.3.Instance=DMA1_Channel2
Dma.I2C1_TX.3.MemDataAlignment=DMA_MDATAALIGN_BYTE
Dma.I2C1_TX.3.MemInc=DMA_MINC_DISABLE
Dma.I2C1_TX.3.Mode=DMA_NORMAL
Dma.I2C1_TX.3.PeriphDataAlignment=DMA_PDATAALIGN_BYTE
Dma.I2C1_TX.3.PeriphInc=DMA_PINC_DISABLE
Dma.I2C1_TX.3.Priority=DMA_PRIORITY_LOW
Dma.I2C1_TX.3.Request=DMA_REQUEST_6
Dma.I2C1_TX.3.RequestParameters=Instance,Request,Direction,PeriphInc,MemInc,PeriphDataAlignment,MemDataAlignment,Mode,Priority
Dma.I2C2_RX.0.Direction=DMA_PERIPH_TO_MEMORY
Dma.I2C2_RX.0.Instance=DMA1_Channel5
Dma.I2C2_RX.0.MemDataAlignment=DMA_MDATAALIGN_BYTE
Dma.I2C2_RX.0.MemInc=DMA_MINC_DISABLE
Dma.I2C2_RX.0.Mode=DMA_NORMAL
Dma.I2C2_RX.0.PeriphDataAlignment=DMA_PDATAALIGN_BYTE
Dma.I2C2_RX.0.PeriphInc=DMA_PINC_DISABLE
Dma.I2C2_RX.0.Priority=DMA_PRIORITY_LOW
Dma.I2C2_RX.0.Request=DMA_REQUEST_7
Dma.I2C2_RX.0.RequestParameters=Instance,Request,Direction,PeriphInc,MemInc,PeriphDataAlignment,MemDataAlignment,Mode,Priority
Dma.I2C2_TX.1.Direction=DMA_MEMORY_TO_PERIPH
Dma.I2C2_TX.1.Instance=DMA1_Channel4
Dma.I2C2_TX.1.MemDataAlignment=DMA_MDATAALIGN_BYTE
Dma.I2C2_TX.1.MemInc=DMA_MINC_DISABLE
Dma.I2C2_TX.1.Mode=DMA_NORMAL
Dma.I2C2_TX.1.PeriphDataAlignment=DMA_PDATAALIGN_BYTE
Dma.I2C2_TX.1.PeriphInc=DMA_PINC_DISABLE
Dma.I2C2_TX.1.Priority=DMA_PRIORITY_LOW
Dma.I2C2_TX.1.Request=DMA_REQUEST_7
Dma.I2C2_TX.1.RequestParameters=Instance,Request,Direction,PeriphInc,MemInc,PeriphDataAlignment,MemDataAlignment,Mode,Priority
Dma.Request0=I2C2_RX
Dma.Request1=I2C2_TX
Dma.Request2=I2C1_RX
Dma.Request3=I2C1_TX
Dma.RequestsNb=4
FREERTOS.INCLUDE_uxTaskPriorityGet=0
FREERTOS.INCLUDE_vTaskDelete=1
FREERTOS.INCLUDE_vTaskPrioritySet=0
FREERTOS.INCLUDE_xTaskGetCurrentTaskHandle=1
FREERTOS.INCLUDE_xTaskResumeFromISR=0
FREERTOS.IPParameters=INCLUDE_vTaskDelete,INCLUDE_vTaskPrioritySet,Tasks01,INCLUDE_xTaskResumeFromISR,INCLUDE_uxTaskPriorityGet,INCLUDE_xTaskGetCurrentTaskHandle
FREERTOS.Tasks01=Task_Manager,0,128,StartDefaultTask
File.Version=5
I2C1.IPParameters=Timing
I2C1.Timing=0x00707CBB
I2C2.IPParameters=Timing
I2C2.Timing=0x00707CBB
KeepUserPlacement=false
Mcu.Family=STM32L0
Mcu.IP0=ADC
Mcu.IP1=DMA
Mcu.IP10=USART2
Mcu.IP2=FREERTOS
Mcu.IP3=I2C1
Mcu.IP4=I2C2
Mcu.IP5=NVIC
Mcu.IP6=RCC
Mcu.IP7=SYS
Mcu.IP8=TIM2
Mcu.IP9=USART1
Mcu.IPNb=11
Mcu.Name=STM32L051R(6-8)Tx
Mcu.Package=LQFP64
Mcu.Pin0=PC13
Mcu.Pin1=PC14-OSC32_IN
Mcu.Pin10=PA7
Mcu.Pin11=PC5
Mcu.Pin12=PB2
Mcu.Pin13=PB11
Mcu.Pin14=PB12
Mcu.Pin15=PB13
Mcu.Pin16=PB14
Mcu.Pin17=PC6
Mcu.Pin18=PC7
Mcu.Pin19=PC8
Mcu.Pin2=PC1
Mcu.Pin20=PA8
Mcu.Pin21=PA9
Mcu.Pin22=PA10
Mcu.Pin23=PA13
Mcu.Pin24=PA14
Mcu.Pin25=PC10
Mcu.Pin26=PC12
Mcu.Pin27=PD2
Mcu.Pin28=PB3
Mcu.Pin29=PB4
Mcu.Pin3=PC2
Mcu.Pin30=PB5
Mcu.Pin31=PB6
Mcu.Pin32=PB7
Mcu.Pin33=PB8
Mcu.Pin34=PB9
Mcu.Pin35=VP_FREERTOS_VS_ENABLE
Mcu.Pin36=VP_TIM2_VS_ClockSourceINT
Mcu.Pin4=PC3
Mcu.Pin5=PA0
Mcu.Pin6=PA1
Mcu.Pin7=PA2
Mcu.Pin8=PA3
Mcu.Pin9=PA6
Mcu.PinsNb=37
Mcu.UserConstants=
Mcu.UserName=STM32L051R8Tx
MxCube.Version=4.8.0
MxDb.Version=DB.4.0.101
NVIC.DMA1_Channel2_3_IRQn=true\:3\:0\:false
NVIC.DMA1_Channel4_5_6_7_IRQn=true\:3\:0\:false
NVIC.SysTick_IRQn=true\:0\:0\:false
PA0.GPIOParameters=GPIO_Label
PA0.GPIO_Label=SYSTEM_PWR_ONOFF
PA0.Mode=Wake_Up_1
PA0.Signal=SYS_WKUP1
PA1.GPIOParameters=GPIO_Speed,GPIO_PuPd,GPIO_Label,GPIO_ModeDefaultOutputPP
PA1.GPIO_Label=DLP_SYS_PWR_EN
PA1.GPIO_ModeDefaultOutputPP=GPIO_MODE_OUTPUT_PP
PA1.GPIO_PuPd=GPIO_NOPULL
PA1.GPIO_Speed=GPIO_SPEED_LOW
PA1.Locked=true
PA1.Signal=GPIO_Output
PA10.GPIOParameters=GPIO_Speed,GPIO_PuPd,GPIO_Label,GPIO_ModeDefaultOutputPP
PA10.GPIO_Label=DPP_PARKZ
PA10.GPIO_ModeDefaultOutputPP=GPIO_MODE_OUTPUT_PP
PA10.GPIO_PuPd=GPIO_NOPULL
PA10.GPIO_Speed=GPIO_SPEED_LOW
PA10.Locked=true
PA10.Signal=GPIO_Output
PA13.Mode=Serial_Wire
PA13.Signal=SYS_SWDIO
PA14.Mode=Serial_Wire
PA14.Signal=SYS_SWCLK
PA2.GPIOParameters=GPIO_Speed,GPIO_PuPd,GPIO_Label,GPIO_Mode
PA2.GPIO_Label=TP301
PA2.GPIO_Mode=GPIO_MODE_AF_PP
PA2.GPIO_PuPd=GPIO_PULLUP
PA2.GPIO_Speed=GPIO_SPEED_HIGH
PA2.Locked=true
PA2.Mode=Asynchronous
PA2.Signal=USART2_TX
PA3.GPIOParameters=GPIO_Speed,GPIO_PuPd,GPIO_Label,GPIO_Mode
PA3.GPIO_Label=TP302
PA3.GPIO_Mode=GPIO_MODE_AF_PP
PA3.GPIO_PuPd=GPIO_PULLUP
PA3.GPIO_Speed=GPIO_SPEED_HIGH
PA3.Locked=true
PA3.Mode=Asynchronous
PA3.Signal=USART2_RX
PA6.GPIOParameters=GPIO_PuPd,GPIO_Label,GPIO_Mode
PA6.GPIO_Label=THERMISTOR_ADC
PA6.GPIO_Mode=GPIO_MODE_ANALOG
PA6.GPIO_PuPd=GPIO_NOPULL
PA6.Locked=true
PA6.Mode=IN6
PA6.Signal=ADC_IN6
PA7.GPIOParameters=GPIO_PuPd,GPIO_Label,GPIO_Mode
PA7.GPIO_Label=DC_DET
PA7.GPIO_Mode=GPIO_MODE_INPUT
PA7.GPIO_PuPd=GPIO_NOPULL
PA7.Locked=true
PA7.Signal=GPIO_Input
PA8.GPIOParameters=GPIO_PuPd,GPIO_Label,GPIO_Mode
PA8.GPIO_Label=Focus_Forward
PA8.GPIO_Mode=GPIO_MODE_INPUT
PA8.GPIO_PuPd=GPIO_NOPULL
PA8.Locked=true
PA8.Signal=GPIO_Input
PA9.GPIOParameters=GPIO_PuPd,GPIO_Label,GPIO_Mode
PA9.GPIO_Label=Focus_Backward
PA9.GPIO_Mode=GPIO_MODE_INPUT
PA9.GPIO_PuPd=GPIO_NOPULL
PA9.Locked=true
PA9.Signal=GPIO_Input
PB11.GPIOParameters=GPIO_ModeDefaultPP,GPIO_Speed,GPIO_PuPd,GPIO_Label
PB11.GPIO_Label=FAN_PWR_EN
PB11.GPIO_ModeDefaultPP=GPIO_MODE_AF_PP
PB11.GPIO_PuPd=GPIO_NOPULL
PB11.GPIO_Speed=GPIO_SPEED_LOW
PB11.Locked=true
PB11.Signal=S_TIM2_CH4
PB12.GPIOParameters=GPIO_PuPd,GPIO_Label,GPIO_Mode
PB12.GPIO_Label=GPOUT_INT
PB12.GPIO_Mode=GPIO_MODE_INPUT
PB12.GPIO_PuPd=GPIO_NOPULL
PB12.Locked=true
PB12.Signal=GPIO_Input
PB13.GPIOParameters=GPIO_Speed,GPIO_PuPdOD,GPIO_Label,GPIO_Mode
PB13.GPIO_Label=I2C_SCL_MCU
PB13.GPIO_Mode=GPIO_MODE_AF_OD
PB13.GPIO_PuPdOD=GPIO_PULLUP
PB13.GPIO_Speed=GPIO_SPEED_HIGH
PB13.Locked=true
PB13.Mode=I2C
PB13.Signal=I2C2_SCL
PB14.GPIOParameters=GPIO_Speed,GPIO_PuPdOD,GPIO_Label,GPIO_Mode
PB14.GPIO_Label=I2C_SDA_MCU
PB14.GPIO_Mode=GPIO_MODE_AF_OD
PB14.GPIO_PuPdOD=GPIO_PULLUP
PB14.GPIO_Speed=GPIO_SPEED_HIGH
PB14.Locked=true
PB14.Mode=I2C
PB14.Signal=I2C2_SDA
PB2.GPIOParameters=GPIO_Speed,GPIO_PuPd,GPIO_Label,GPIO_ModeDefaultOutputPP
PB2.GPIO_Label=MOTOR_IN1
PB2.GPIO_ModeDefaultOutputPP=GPIO_MODE_OUTPUT_PP
PB2.GPIO_PuPd=GPIO_NOPULL
PB2.GPIO_Speed=GPIO_SPEED_LOW
PB2.Locked=true
PB2.Signal=GPIO_Output
PB3.GPIOParameters=GPIO_Speed,GPIO_PuPd,GPIO_Label,GPIO_ModeDefaultOutputPP
PB3.GPIO_Label=MOTOR_IN2
PB3.GPIO_ModeDefaultOutputPP=GPIO_MODE_OUTPUT_PP
PB3.GPIO_PuPd=GPIO_NOPULL
PB3.GPIO_Speed=GPIO_SPEED_LOW
PB3.Locked=true
PB3.Signal=GPIO_Output
PB4.GPIOParameters=GPIO_Speed,GPIO_PuPd,GPIO_Label,GPIO_ModeDefaultOutputPP
PB4.GPIO_Label=MOTOR_IN3
PB4.GPIO_ModeDefaultOutputPP=GPIO_MODE_OUTPUT_PP
PB4.GPIO_PuPd=GPIO_NOPULL
PB4.GPIO_Speed=GPIO_SPEED_LOW
PB4.Locked=true
PB4.Signal=GPIO_Output
PB5.GPIOParameters=GPIO_Speed,GPIO_PuPd,GPIO_Label,GPIO_ModeDefaultOutputPP
PB5.GPIO_Label=MOTOR_IN4
PB5.GPIO_ModeDefaultOutputPP=GPIO_MODE_OUTPUT_PP
PB5.GPIO_PuPd=GPIO_NOPULL
PB5.GPIO_Speed=GPIO_SPEED_LOW
PB5.Locked=true
PB5.Signal=GPIO_Output
PB6.GPIOParameters=GPIO_Speed,GPIO_FM6,GPIO_PuPd,GPIO_Label,GPIO_Mode
PB6.GPIO_FM6=__NULL
PB6.GPIO_Label=MCU_DEBUG_TXD
PB6.GPIO_Mode=GPIO_MODE_AF_PP
PB6.GPIO_PuPd=GPIO_PULLUP
PB6.GPIO_Speed=GPIO_SPEED_HIGH
PB6.Locked=true
PB6.Mode=Asynchronous
PB6.Signal=USART1_TX
PB7.GPIOParameters=GPIO_Speed,GPIO_PuPd,GPIO_Label,GPIO_FM7,GPIO_Mode
PB7.GPIO_FM7=__NULL
PB7.GPIO_Label=MCU_DEBUG_RXD
PB7.GPIO_Mode=GPIO_MODE_AF_PP
PB7.GPIO_PuPd=GPIO_PULLUP
PB7.GPIO_Speed=GPIO_SPEED_HIGH
PB7.Locked=true
PB7.Mode=Asynchronous
PB7.Signal=USART1_RX
PB8.GPIOParameters=GPIO_Speed,GPIO_PuPdOD,GPIO_Label,GPIO_FM8,GPIO_Mode
PB8.GPIO_FM8=__NULL
PB8.GPIO_Label=I2C_SCL_GAUGE
PB8.GPIO_Mode=GPIO_MODE_AF_OD
PB8.GPIO_PuPdOD=GPIO_PULLUP
PB8.GPIO_Speed=GPIO_SPEED_HIGH
PB8.Locked=true
PB8.Mode=I2C
PB8.Signal=I2C1_SCL
PB9.GPIOParameters=GPIO_Speed,GPIO_PuPdOD,GPIO_Label,GPIO_Mode,GPIO_FM9
PB9.GPIO_FM9=__NULL
PB9.GPIO_Label=I2C_SDA_GAUGE
PB9.GPIO_Mode=GPIO_MODE_AF_OD
PB9.GPIO_PuPdOD=GPIO_PULLUP
PB9.GPIO_Speed=GPIO_SPEED_HIGH
PB9.Locked=true
PB9.Mode=I2C
PB9.Signal=I2C1_SDA
PC1.GPIOParameters=GPIO_Speed,GPIO_PuPd,GPIO_Label,GPIO_ModeDefaultOutputPP
PC1.GPIO_Label=GRE_LED_ON
PC1.GPIO_ModeDefaultOutputPP=GPIO_MODE_OUTPUT_PP
PC1.GPIO_PuPd=GPIO_NOPULL
PC1.GPIO_Speed=GPIO_SPEED_LOW
PC1.Locked=true
PC1.Signal=GPIO_Output
PC10.GPIOParameters=GPIO_PuPd,GPIO_Label,GPIO_Mode
PC10.GPIO_Label=TP303
PC10.GPIO_Mode=GPIO_MODE_ANALOG
PC10.GPIO_PuPd=GPIO_NOPULL
PC10.Locked=true
PC10.Signal=GPIO_Analog
PC12.GPIOParameters=GPIO_Speed,GPIO_PuPd,GPIO_Label,GPIO_ModeDefaultOutputPP
PC12.GPIO_Label=SYS_PWR_EN
PC12.GPIO_ModeDefaultOutputPP=GPIO_MODE_OUTPUT_PP
PC12.GPIO_PuPd=GPIO_NOPULL
PC12.GPIO_Speed=GPIO_SPEED_LOW
PC12.Locked=true
PC12.Signal=GPIO_Output
PC13.GPIOParameters=GPIO_Speed,GPIO_PuPd,GPIO_Label,GPIO_ModeDefaultOutputPP
PC13.GPIO_Label=MIRA_PWR_EN
PC13.GPIO_ModeDefaultOutputPP=GPIO_MODE_OUTPUT_PP
PC13.GPIO_PuPd=GPIO_NOPULL
PC13.GPIO_Speed=GPIO_SPEED_LOW
PC13.Locked=true
PC13.Signal=GPIO_Output
PC14-OSC32_IN.GPIOParameters=GPIO_PuPd,GPIO_Label,GPIO_Mode
PC14-OSC32_IN.GPIO_Label=Charger_INT
PC14-OSC32_IN.GPIO_Mode=GPIO_MODE_INPUT
PC14-OSC32_IN.GPIO_PuPd=GPIO_NOPULL
PC14-OSC32_IN.Locked=true
PC14-OSC32_IN.Signal=GPIO_Input
PC2.GPIOParameters=GPIO_Speed,GPIO_PuPd,GPIO_Label,GPIO_ModeDefaultOutputPP
PC2.GPIO_Label=RED_LED_ON
PC2.GPIO_ModeDefaultOutputPP=GPIO_MODE_OUTPUT_PP
PC2.GPIO_PuPd=GPIO_NOPULL
PC2.GPIO_Speed=GPIO_SPEED_LOW
PC2.Locked=true
PC2.Signal=GPIO_Output
PC3.GPIOParameters=GPIO_PuPd,GPIO_Label,GPIO_Mode
PC3.GPIO_Label=Charger_LED_STAT
PC3.GPIO_Mode=GPIO_MODE_INPUT
PC3.GPIO_PuPd=GPIO_NOPULL
PC3.Locked=true
PC3.Signal=GPIO_Input
PC5.GPIOParameters=GPIO_PuPd,GPIO_Label,GPIO_Mode
PC5.GPIO_Label=DLP_INIT_DONE
PC5.GPIO_Mode=GPIO_MODE_INPUT
PC5.GPIO_PuPd=GPIO_NOPULL
PC5.Locked=true
PC5.Signal=GPIO_Input
PC6.GPIOParameters=GPIO_Speed,GPIO_PuPd,GPIO_Label,GPIO_ModeDefaultOutputPP
PC6.GPIO_Label=PAD1000_PROJ_ON
PC6.GPIO_ModeDefaultOutputPP=GPIO_MODE_OUTPUT_PP
PC6.GPIO_PuPd=GPIO_NOPULL
PC6.GPIO_Speed=GPIO_SPEED_LOW
PC6.Locked=true
PC6.Signal=GPIO_Output
PC7.GPIOParameters=GPIO_PuPd,GPIO_Label,GPIO_Mode
PC7.GPIO_Label=PAD_INTZ
PC7.GPIO_Mode=GPIO_MODE_INPUT
PC7.GPIO_PuPd=GPIO_NOPULL
PC7.Locked=true
PC7.Signal=GPIO_Input
PC8.GPIOParameters=GPIO_Speed,GPIO_PuPd,GPIO_Label,GPIO_ModeDefaultOutputPP
PC8.GPIO_Label=PAD1000_RSTZ
PC8.GPIO_ModeDefaultOutputPP=GPIO_MODE_OUTPUT_PP
PC8.GPIO_PuPd=GPIO_NOPULL
PC8.GPIO_Speed=GPIO_SPEED_LOW
PC8.Locked=true
PC8.Signal=GPIO_Output
PCC.Checker=false
PCC.Line=STM32L0x1
PCC.MCU=STM32L051R(6-8)Tx
PCC.MXVersion=4.11.0
PCC.PartNumber=STM32L051R8Tx
PCC.Seq0=0
PCC.Series=STM32L0
PCC.Temperature=25
PCC.Vdd=3.0
PD2.GPIOParameters=GPIO_PuPd,GPIO_Label,GPIO_Mode
PD2.GPIO_Label=JIG_TEST
PD2.GPIO_Mode=GPIO_MODE_INPUT
PD2.GPIO_PuPd=GPIO_NOPULL
PD2.Locked=true
PD2.Signal=GPIO_Input
ProjectManager.AskForMigrate=true
ProjectManager.BackupPrevious=false
ProjectManager.CompilerOptimize=2
ProjectManager.ComputerToolchain=false
ProjectManager.CoupleFile=false
ProjectManager.DeletePrevious=true
ProjectManager.DeviceId=STM32L051R8Tx
ProjectManager.FirmwarePackage=STM32Cube FW_L0 V1.1.2
ProjectManager.FreePins=false
ProjectManager.HalAssertFull=false
ProjectManager.KeepUserCode=true
ProjectManager.LastFirmware=true
ProjectManager.LibraryCopy=0
ProjectManager.ProjectBuild=false
ProjectManager.ProjectFileName=openSource_BSP.ioc
ProjectManager.ProjectName=openSource_BSP
ProjectManager.TargetToolchain=EWARM
ProjectManager.ToolChainLocation=
RCC.AHBFreq_Value=32000000
RCC.APB1Freq_Value=32000000
RCC.APB1TimFreq_Value=32000000
RCC.APB2Freq_Value=32000000
RCC.APB2TimFreq_Value=32000000
RCC.FCLKCortexFreq_Value=32000000
RCC.FamilyName=M
RCC.HCLKFreq_Value=32000000
RCC.HSE_VALUE=24000000
RCC.HSI16_VALUE=16000000
RCC.HSI_VALUE=16000000
RCC.I2C1Freq_Value=32000000
RCC.IPParameters=PLLMUL,LSI_VALUE,APB1TimFreq_Value,APB2Freq_Value,HSI16_VALUE,FCLKCortexFreq_Value,AHBFreq_Value,TIMFreq_Value,MCOPinFreq_Value,VCOInputFreq_Value,SYSCLKFreq_VALUE,USART1Freq_Value,SYSCLKSource,LSE_VALUE,HSE_VALUE,HSI_VALUE,LPTIMFreq_Value,PLLCLKFreq_Value,MSI_VALUE,RTCFreq_Value,FamilyName,PWRFreq_Value,USART2Freq_Value,HCLKFreq_Value,MSIClockRange,WatchDogFreq_Value,VCOOutputFreq_Value,I2C1Freq_Value,APB1Freq_Value,RTCHSEDivFreq_Value,TimerFreq_Value,PLLDIV,LPUARTFreq_Value,APB2TimFreq_Value
RCC.LPTIMFreq_Value=32000000
RCC.LPUARTFreq_Value=32000000
RCC.LSE_VALUE=32768
RCC.LSI_VALUE=37000
RCC.MCOPinFreq_Value=32000000
RCC.MSIClockRange=RCC_MSIRANGE_0
RCC.MSI_VALUE=65536
RCC.PLLCLKFreq_Value=32000000
RCC.PLLDIV=RCC_PLLDIV_3
RCC.PLLMUL=RCC_PLLMUL_6
RCC.PWRFreq_Value=32000000
RCC.RTCFreq_Value=37000
RCC.RTCHSEDivFreq_Value=12000000
RCC.SYSCLKFreq_VALUE=32000000
RCC.SYSCLKSource=RCC_SYSCLKSOURCE_PLLCLK
RCC.TIMFreq_Value=32000000
RCC.TimerFreq_Value=32000000
RCC.USART1Freq_Value=32000000
RCC.USART2Freq_Value=32000000
RCC.VCOInputFreq_Value=16000000
RCC.VCOOutputFreq_Value=96000000
RCC.WatchDogFreq_Value=37000
SH.S_TIM2_CH4.0=TIM2_CH4,PWM Generation4 CH4
SH.S_TIM2_CH4.ConfNb=1
TIM2.Channel-PWM\ Generation4\ CH4=TIM_CHANNEL_4
TIM2.IPParameters=Pulse-PWM Generation4 CH4,Prescaler,Period,OCFastMode_PWM-PWM Generation4 CH4,Channel-PWM Generation4 CH4
TIM2.OCFastMode_PWM-PWM\ Generation4\ CH4=TIM_OCFAST_ENABLE
TIM2.Period=100
TIM2.Prescaler=32000
TIM2.Pulse-PWM\ Generation4\ CH4=50
VP_FREERTOS_VS_ENABLE.Mode=Enabled
VP_FREERTOS_VS_ENABLE.Signal=FREERTOS_VS_ENABLE
VP_TIM2_VS_ClockSourceINT.Mode=Internal
VP_TIM2_VS_ClockSourceINT.Signal=TIM2_VS_ClockSourceINT
board=openSource_BSP
